<?xml version="1.0" encoding="utf-8"?>
<Project ToolsVersion="4.0" xmlns="http://schemas.microsoft.com/developer/msbuild/2003">
  <ItemGroup>
    <Filter Include="ソース ファイル">
      <UniqueIdentifier>{4FC737F1-C7A5-4376-A066-2A32D752A2FF}</UniqueIdentifier>
      <Extensions>cpp;c;cc;cxx;def;odl;idl;hpj;bat;asm;asmx</Extensions>
    </Filter>
    <Filter Include="ヘッダー ファイル">
      <UniqueIdentifier>{93995380-89BD-4b04-88EB-625FBE52EBFB}</UniqueIdentifier>
      <Extensions>h;hh;hpp;hxx;hm;inl;inc;ipp;xsd</Extensions>
    </Filter>
    <Filter Include="リソース ファイル">
      <UniqueIdentifier>{67DA6AB6-F800-4c08-8B7A-83BB121AAD01}</UniqueIdentifier>
      <Extensions>rc;ico;cur;bmp;dlg;rc2;rct;bin;rgs;gif;jpg;jpeg;jpe;resx;tiff;tif;png;wav;mfcribbon-ms</Extensions>
    </Filter>
    <Filter Include="ソース ファイル\Scene">
      <UniqueIdentifier>{55f70b57-02e0-4bb6-803d-181926309f8e}</UniqueIdentifier>
    </Filter>
    <Filter Include="ヘッダー ファイル\Scene">
      <UniqueIdentifier>{3a22d3dd-d6cc-425b-9448-3db7aa53099d}</UniqueIdentifier>
    </Filter>
    <Filter Include="ソース ファイル\Enemy">
      <UniqueIdentifier>{866e7dae-7f40-4b37-96ac-36d169c900ab}</UniqueIdentifier>
    </Filter>
    <Filter Include="ヘッダー ファイル\Enemy">
      <UniqueIdentifier>{83bec253-c00b-4316-a1a3-f2f7485a0dcf}</UniqueIdentifier>
    </Filter>
    <Filter Include="ソース ファイル\Card">
      <UniqueIdentifier>{9ca18102-f27c-4a2f-8ab3-c4a4f3ff1740}</UniqueIdentifier>
    </Filter>
    <Filter Include="ヘッダー ファイル\Card">
      <UniqueIdentifier>{7abd0ac1-5deb-4c90-b670-fe2984b7a322}</UniqueIdentifier>
    </Filter>
    <Filter Include="ソース ファイル\Common">
      <UniqueIdentifier>{3444e813-d399-4fd3-bb6e-9f2cdb0d19e8}</UniqueIdentifier>
    </Filter>
    <Filter Include="ヘッダー ファイル\Common">
      <UniqueIdentifier>{c8d53c6c-ef4b-466e-a376-119307d6d9ec}</UniqueIdentifier>
    </Filter>
    <Filter Include="ソース ファイル\Event">
      <UniqueIdentifier>{10a1471d-6c8e-477a-a070-1a4f34e9db5b}</UniqueIdentifier>
    </Filter>
    <Filter Include="ヘッダー ファイル\Event">
      <UniqueIdentifier>{e054f65f-5a1c-4ed2-9829-0517391f54dc}</UniqueIdentifier>
    </Filter>
    <Filter Include="ソース ファイル\Item">
      <UniqueIdentifier>{fde94b15-7290-4dfa-b748-748870938068}</UniqueIdentifier>
    </Filter>
    <Filter Include="ヘッダー ファイル\Item">
      <UniqueIdentifier>{bb5f615f-2d78-49d9-bcf6-ae554171e72e}</UniqueIdentifier>
    </Filter>
  </ItemGroup>
  <ItemGroup>
    <ClCompile Include="main.cpp">
      <Filter>ソース ファイル</Filter>
    </ClCompile>
    <ClCompile Include="Player.cpp">
      <Filter>ソース ファイル</Filter>
    </ClCompile>
    <ClCompile Include="Menu.cpp">
      <Filter>ソース ファイル</Filter>
    </ClCompile>
    <ClCompile Include="MoveObj.cpp">
      <Filter>ソース ファイル</Filter>
    </ClCompile>
    <ClCompile Include="Card\Cards.cpp">
      <Filter>ソース ファイル\Card</Filter>
    </ClCompile>
    <ClCompile Include="Card\CARD_MEMBER.cpp">
      <Filter>ソース ファイル\Card</Filter>
    </ClCompile>
    <ClCompile Include="Common\VECTOR2.cpp">
      <Filter>ソース ファイル\Common</Filter>
    </ClCompile>
    <ClCompile Include="Common\GameCtl.cpp">
      <Filter>ソース ファイル\Common</Filter>
    </ClCompile>
    <ClCompile Include="Common\MouseCtl.cpp">
      <Filter>ソース ファイル\Common</Filter>
    </ClCompile>
    <ClCompile Include="Event\MerchantSt.cpp">
      <Filter>ソース ファイル\Event</Filter>
    </ClCompile>
    <ClCompile Include="Event\ButtonSt.cpp">
      <Filter>ソース ファイル\Event</Filter>
    </ClCompile>
    <ClCompile Include="Event\ChestSt.cpp">
      <Filter>ソース ファイル\Event</Filter>
    </ClCompile>
    <ClCompile Include="Event\DrinkSt.cpp">
      <Filter>ソース ファイル\Event</Filter>
    </ClCompile>
    <ClCompile Include="Event\Event.cpp">
      <Filter>ソース ファイル\Event</Filter>
    </ClCompile>
    <ClCompile Include="Event\INNSt.cpp">
      <Filter>ソース ファイル\Event</Filter>
    </ClCompile>
    <ClCompile Include="Item\ITEMCLASS.cpp">
      <Filter>ソース ファイル\Item</Filter>
    </ClCompile>
    <ClCompile Include="Item\Item.cpp">
      <Filter>ソース ファイル\Item</Filter>
    </ClCompile>
    <ClCompile Include="Scene\TitleScene.cpp">
      <Filter>ソース ファイル\Scene</Filter>
    </ClCompile>
    <ClCompile Include="Scene\BaseScene.cpp">
      <Filter>ソース ファイル\Scene</Filter>
    </ClCompile>
    <ClCompile Include="Scene\GameClearScene.cpp">
      <Filter>ソース ファイル\Scene</Filter>
    </ClCompile>
    <ClCompile Include="Scene\GameOverScene.cpp">
      <Filter>ソース ファイル\Scene</Filter>
    </ClCompile>
    <ClCompile Include="Scene\GameScene.cpp">
      <Filter>ソース ファイル\Scene</Filter>
    </ClCompile>
    <ClCompile Include="Scene\SceneMng.cpp">
      <Filter>ソース ファイル\Scene</Filter>
    </ClCompile>
    <ClCompile Include="Scene\SelectScene.cpp">
      <Filter>ソース ファイル\Scene</Filter>
    </ClCompile>
    <ClCompile Include="Enemy\Monster.cpp">
      <Filter>ソース ファイル\Enemy</Filter>
    </ClCompile>
    <ClCompile Include="Enemy\Enemy_weak.cpp">
      <Filter>ソース ファイル\Enemy</Filter>
    </ClCompile>
  </ItemGroup>
  <ItemGroup>
    <ClInclude Include="Player.h">
      <Filter>ヘッダー ファイル</Filter>
    </ClInclude>
    <ClInclude Include="Menu.h">
      <Filter>ヘッダー ファイル</Filter>
    </ClInclude>
    <ClInclude Include="MoveObj.h">
      <Filter>ヘッダー ファイル</Filter>
    </ClInclude>
    <ClInclude Include="Card\Cards.h">
      <Filter>ヘッダー ファイル\Card</Filter>
    </ClInclude>
    <ClInclude Include="Card\CARD_MEMBER.h">
      <Filter>ヘッダー ファイル\Card</Filter>
    </ClInclude>
    <ClInclude Include="Common\VECTOR2.h">
      <Filter>ヘッダー ファイル\Common</Filter>
    </ClInclude>
    <ClInclude Include="Common\GameCtl.h">
      <Filter>ヘッダー ファイル\Common</Filter>
    </ClInclude>
    <ClInclude Include="Common\MouseCtl.h">
      <Filter>ヘッダー ファイル\Common</Filter>
    </ClInclude>
    <ClInclude Include="Event\MerchantSt.h">
      <Filter>ヘッダー ファイル\Event</Filter>
    </ClInclude>
    <ClInclude Include="Event\ButtonSt.h">
      <Filter>ヘッダー ファイル\Event</Filter>
    </ClInclude>
    <ClInclude Include="Event\ChestSt.h">
      <Filter>ヘッダー ファイル\Event</Filter>
    </ClInclude>
    <ClInclude Include="Event\DrinkSt.h">
      <Filter>ヘッダー ファイル\Event</Filter>
    </ClInclude>
    <ClInclude Include="Event\Event.h">
      <Filter>ヘッダー ファイル\Event</Filter>
    </ClInclude>
    <ClInclude Include="Event\INNSt.h">
      <Filter>ヘッダー ファイル\Event</Filter>
    </ClInclude>
    <ClInclude Include="Item\ITEMCLASS.h">
      <Filter>ヘッダー ファイル\Item</Filter>
    </ClInclude>
    <ClInclude Include="Item\Item.h">
      <Filter>ヘッダー ファイル\Item</Filter>
    </ClInclude>
    <ClInclude Include="Scene\TitleScene.h">
      <Filter>ヘッダー ファイル\Scene</Filter>
    </ClInclude>
    <ClInclude Include="Scene\BaseScene.h">
      <Filter>ヘッダー ファイル\Scene</Filter>
    </ClInclude>
    <ClInclude Include="Scene\GameClearScene.h">
      <Filter>ヘッダー ファイル\Scene</Filter>
    </ClInclude>
    <ClInclude Include="Scene\GameOverScene.h">
      <Filter>ヘッダー ファイル\Scene</Filter>
    </ClInclude>
    <ClInclude Include="Scene\GameScene.h">
      <Filter>ヘッダー ファイル\Scene</Filter>
    </ClInclude>
    <ClInclude Include="Scene\SceneMng.h">
      <Filter>ヘッダー ファイル\Scene</Filter>
    </ClInclude>
    <ClInclude Include="Scene\SelectScene.h">
      <Filter>ヘッダー ファイル\Scene</Filter>
    </ClInclude>
    <ClInclude Include="Enemy\Monster.h">
      <Filter>ヘッダー ファイル\Enemy</Filter>
    </ClInclude>
    <ClInclude Include="Enemy\Enemy_weak.h">
      <Filter>ヘッダー ファイル\Enemy</Filter>
    </ClInclude>
  </ItemGroup>
</Project>