
Microsoft Visual Studio Solution File, Format Version 12.00
# Visual Studio Version 16
VisualStudioVersion = 16.0.28803.202
MinimumVisualStudioVersion = 10.0.40219.1
Project("{8BC9CEB8-8B4A-11D0-8D11-00A0C91BC942}") = "mayProject", "mayProject.vcxproj", "{B74D405D-C62C-43E9-962F-C6452990EB6A}"
EndProject
Global
	GlobalSection(SolutionConfigurationPlatforms) = preSolution
		Debug|x64 = Debug|x64
		Debug|x86 = Debug|x86
		Release|x64 = Release|x64
		Release|x86 = Release|x86
	EndGlobalSection
	GlobalSection(ProjectConfigurationPlatforms) = postSolution
		{B74D405D-C62C-43E9-962F-C6452990EB6A}.Debug|x64.ActiveCfg = Debug|x64
		{B74D405D-C62C-43E9-962F-C6452990EB6A}.Debug|x64.Build.0 = Debug|x64
		{B74D405D-C62C-43E9-962F-C6452990EB6A}.Debug|x86.ActiveCfg = Debug|Win32
		{B74D405D-C62C-43E9-962F-C6452990EB6A}.Debug|x86.Build.0 = Debug|Win32
		{B74D405D-C62C-43E9-962F-C6452990EB6A}.Release|x64.ActiveCfg = Release|x64
		{B74D405D-C62C-43E9-962F-C6452990EB6A}.Release|x64.Build.0 = Release|x64
		{B74D405D-C62C-43E9-962F-C6452990EB6A}.Release|x86.ActiveCfg = Release|Win32
		{B74D405D-C62C-43E9-962F-C6452990EB6A}.Release|x86.Build.0 = Release|Win32
	EndGlobalSection
	GlobalSection(SolutionProperties) = preSolution
		HideSolutionNode = FALSE
	EndGlobalSection
	GlobalSection(ExtensibilityGlobals) = postSolution
		SolutionGuid = {FDBF3E62-C7A7-43AE-A441-7F04587A1866}
	EndGlobalSection
EndGlobal
